
Microsoft Visual Studio Solution File, Format Version 12.00
# Visual Studio Version 16
VisualStudioVersion = 16.0.31112.23
MinimumVisualStudioVersion = 10.0.40219.1
Project("{FAE04EC0-301F-11D3-BF4B-00C04F79EFBC}") = "AsIs", "AsIs.csproj", "{D7FDA49A-8334-45C3-AE35-98DA03B984E5}"
EndProject
Global
	GlobalSection(SolutionConfigurationPlatforms) = preSolution
		Debug|Any CPU = Debug|Any CPU
		Release|Any CPU = Release|Any CPU
	EndGlobalSection
	GlobalSection(ProjectConfigurationPlatforms) = postSolution
		{D7FDA49A-8334-45C3-AE35-98DA03B984E5}.Debug|Any CPU.ActiveCfg = Debug|Any CPU
		{D7FDA49A-8334-45C3-AE35-98DA03B984E5}.Debug|Any CPU.Build.0 = Debug|Any CPU
		{D7FDA49A-8334-45C3-AE35-98DA03B984E5}.Release|Any CPU.ActiveCfg = Release|Any CPU
		{D7FDA49A-8334-45C3-AE35-98DA03B984E5}.Release|Any CPU.Build.0 = Release|Any CPU
	EndGlobalSection
	GlobalSection(SolutionProperties) = preSolution
		HideSolutionNode = FALSE
	EndGlobalSection
	GlobalSection(ExtensibilityGlobals) = postSolution
		SolutionGuid = {CB889DAF-529F-45E5-BD10-C2FAA1B4BFB6}
	EndGlobalSection
EndGlobal
